
Microsoft Visual Studio Solution File, Format Version 12.00
# Visual Studio Version 17
VisualStudioVersion = 17.1.32407.343
MinimumVisualStudioVersion = 10.0.40219.1
Project("{FAE04EC0-301F-11D3-BF4B-00C04F79EFBC}") = "ControleTarefas", "ControleTarefas\ControleTarefas.csproj", "{6C281014-8410-4CC8-B7ED-D4839A152688}"
EndProject
Project("{FAE04EC0-301F-11D3-BF4B-00C04F79EFBC}") = "ControleTarefas.Business", "ControleTarefas.Business\ControleTarefas.Business.csproj", "{CD53C977-78AF-4805-9ECC-6AEA62435CEF}"
EndProject
Project("{FAE04EC0-301F-11D3-BF4B-00C04F79EFBC}") = "ControleTarefas.Data", "ControleTarefas.Data\ControleTarefas.Data.csproj", "{C0D8A0F8-C83F-4621-B833-0E50AADA83B4}"
EndProject
Global
	GlobalSection(SolutionConfigurationPlatforms) = preSolution
		Debug|Any CPU = Debug|Any CPU
		Release|Any CPU = Release|Any CPU
	EndGlobalSection
	GlobalSection(ProjectConfigurationPlatforms) = postSolution
		{6C281014-8410-4CC8-B7ED-D4839A152688}.Debug|Any CPU.ActiveCfg = Debug|Any CPU
		{6C281014-8410-4CC8-B7ED-D4839A152688}.Debug|Any CPU.Build.0 = Debug|Any CPU
		{6C281014-8410-4CC8-B7ED-D4839A152688}.Release|Any CPU.ActiveCfg = Release|Any CPU
		{6C281014-8410-4CC8-B7ED-D4839A152688}.Release|Any CPU.Build.0 = Release|Any CPU
		{CD53C977-78AF-4805-9ECC-6AEA62435CEF}.Debug|Any CPU.ActiveCfg = Debug|Any CPU
		{CD53C977-78AF-4805-9ECC-6AEA62435CEF}.Debug|Any CPU.Build.0 = Debug|Any CPU
		{CD53C977-78AF-4805-9ECC-6AEA62435CEF}.Release|Any CPU.ActiveCfg = Release|Any CPU
		{CD53C977-78AF-4805-9ECC-6AEA62435CEF}.Release|Any CPU.Build.0 = Release|Any CPU
		{C0D8A0F8-C83F-4621-B833-0E50AADA83B4}.Debug|Any CPU.ActiveCfg = Debug|Any CPU
		{C0D8A0F8-C83F-4621-B833-0E50AADA83B4}.Debug|Any CPU.Build.0 = Debug|Any CPU
		{C0D8A0F8-C83F-4621-B833-0E50AADA83B4}.Release|Any CPU.ActiveCfg = Release|Any CPU
		{C0D8A0F8-C83F-4621-B833-0E50AADA83B4}.Release|Any CPU.Build.0 = Release|Any CPU
	EndGlobalSection
	GlobalSection(SolutionProperties) = preSolution
		HideSolutionNode = FALSE
	EndGlobalSection
	GlobalSection(ExtensibilityGlobals) = postSolution
		SolutionGuid = {2837B77F-96F3-4E1C-835C-824830C13F85}
	EndGlobalSection
EndGlobal
